
Microsoft Visual Studio Solution File, Format Version 12.00
# Visual Studio Version 17
VisualStudioVersion = 17.2.32630.192
MinimumVisualStudioVersion = 10.0.40219.1
Project("{FAE04EC0-301F-11D3-BF4B-00C04F79EFBC}") = "DolarTelegramBot", "DolarTelegramBot\DolarTelegramBot.csproj", "{4341B6A3-1FE7-4B80-8F8C-E069142626CC}"
EndProject
Global
	GlobalSection(SolutionConfigurationPlatforms) = preSolution
		Debug|Any CPU = Debug|Any CPU
		Release|Any CPU = Release|Any CPU
	EndGlobalSection
	GlobalSection(ProjectConfigurationPlatforms) = postSolution
		{4341B6A3-1FE7-4B80-8F8C-E069142626CC}.Debug|Any CPU.ActiveCfg = Debug|Any CPU
		{4341B6A3-1FE7-4B80-8F8C-E069142626CC}.Debug|Any CPU.Build.0 = Debug|Any CPU
		{4341B6A3-1FE7-4B80-8F8C-E069142626CC}.Release|Any CPU.ActiveCfg = Release|Any CPU
		{4341B6A3-1FE7-4B80-8F8C-E069142626CC}.Release|Any CPU.Build.0 = Release|Any CPU
	EndGlobalSection
	GlobalSection(SolutionProperties) = preSolution
		HideSolutionNode = FALSE
	EndGlobalSection
	GlobalSection(ExtensibilityGlobals) = postSolution
		SolutionGuid = {6BBB72F2-A071-4CE1-A064-91945FD82060}
	EndGlobalSection
EndGlobal
